
Microsoft Visual Studio Solution File, Format Version 12.00
# Visual Studio Version 16
VisualStudioVersion = 16.0.31515.178
MinimumVisualStudioVersion = 10.0.40219.1
Project("{FAE04EC0-301F-11D3-BF4B-00C04F79EFBC}") = "WebAPI 2", "WebAPI 2\WebAPI 2.csproj", "{93A3FC97-5279-42D7-A15F-327786A63616}"
EndProject
Global
	GlobalSection(SolutionConfigurationPlatforms) = preSolution
		Debug|Any CPU = Debug|Any CPU
		Release|Any CPU = Release|Any CPU
	EndGlobalSection
	GlobalSection(ProjectConfigurationPlatforms) = postSolution
		{93A3FC97-5279-42D7-A15F-327786A63616}.Debug|Any CPU.ActiveCfg = Debug|Any CPU
		{93A3FC97-5279-42D7-A15F-327786A63616}.Debug|Any CPU.Build.0 = Debug|Any CPU
		{93A3FC97-5279-42D7-A15F-327786A63616}.Release|Any CPU.ActiveCfg = Release|Any CPU
		{93A3FC97-5279-42D7-A15F-327786A63616}.Release|Any CPU.Build.0 = Release|Any CPU
	EndGlobalSection
	GlobalSection(SolutionProperties) = preSolution
		HideSolutionNode = FALSE
	EndGlobalSection
	GlobalSection(ExtensibilityGlobals) = postSolution
		SolutionGuid = {61A795D4-6FC8-40D1-9C21-FFCBE87D4153}
	EndGlobalSection
EndGlobal
